
Microsoft Visual Studio Solution File, Format Version 12.00
# Visual Studio 2012
Project("{FAE04EC0-301F-11D3-BF4B-00C04F79EFBC}") = "CloudAntivirus", "CloudAntivirus\CloudAntivirus.csproj", "{89651CAE-1737-4AFE-A1B0-5C0DF8889887}"
EndProject
Global
	GlobalSection(SolutionConfigurationPlatforms) = preSolution
		Debug|Any CPU = Debug|Any CPU
		Release|Any CPU = Release|Any CPU
	EndGlobalSection
	GlobalSection(ProjectConfigurationPlatforms) = postSolution
		{89651CAE-1737-4AFE-A1B0-5C0DF8889887}.Debug|Any CPU.ActiveCfg = Debug|Any CPU
		{89651CAE-1737-4AFE-A1B0-5C0DF8889887}.Debug|Any CPU.Build.0 = Debug|Any CPU
		{89651CAE-1737-4AFE-A1B0-5C0DF8889887}.Release|Any CPU.ActiveCfg = Release|Any CPU
		{89651CAE-1737-4AFE-A1B0-5C0DF8889887}.Release|Any CPU.Build.0 = Release|Any CPU
	EndGlobalSection
	GlobalSection(SolutionProperties) = preSolution
		HideSolutionNode = FALSE
	EndGlobalSection
EndGlobal
